
Microsoft Visual Studio Solution File, Format Version 12.00
# Visual Studio 15
Project("{FAE04EC0-301F-11D3-BF4B-00C04F79EFBC}") = "Nautilus.SolutionExplorerClient", "Nautilus.SolutionExplorerClient\Nautilus.SolutionExplorerClient.csproj", "{B1B9BF8C-6EC7-44CE-B7F9-E82CD460CEEB}"
EndProject
Project("{2150E333-8FDC-42A3-9474-1A3956D46DE8}") = "Tests", "Tests", "{51685194-062E-4561-A7C1-D76CC6FCEAE0}"
EndProject
Project("{FAE04EC0-301F-11D3-BF4B-00C04F79EFBC}") = "Nautilus.SolutionExplorer.Test", "Nautilus.SolutionExplorer.Test\Nautilus.SolutionExplorer.Test.csproj", "{5326A1B8-0F12-420B-9143-0FA81CD9BCD0}"
EndProject
Project("{FAE04EC0-301F-11D3-BF4B-00C04F79EFBC}") = "Nautilus.SolutionExplorer.Core", "Nautilus.SolutionExplorer.Core\Nautilus.SolutionExplorer.Core.csproj", "{CBD6E648-DFD7-44DF-B546-59E2D662E84B}"
EndProject
Project("{2150E333-8FDC-42A3-9474-1A3956D46DE8}") = "cli-playground", "cli-playground", "{CFC6E99E-2187-44CD-96E9-A95A342EFAC9}"
	ProjectSection(SolutionItems) = preProject
		command_for_testing.txt = command_for_testing.txt
	EndProjectSection
EndProject
Global
	GlobalSection(SolutionConfigurationPlatforms) = preSolution
		Debug|Any CPU = Debug|Any CPU
		Release|Any CPU = Release|Any CPU
	EndGlobalSection
	GlobalSection(ProjectConfigurationPlatforms) = postSolution
		{B1B9BF8C-6EC7-44CE-B7F9-E82CD460CEEB}.Debug|Any CPU.ActiveCfg = Debug|Any CPU
		{B1B9BF8C-6EC7-44CE-B7F9-E82CD460CEEB}.Debug|Any CPU.Build.0 = Debug|Any CPU
		{B1B9BF8C-6EC7-44CE-B7F9-E82CD460CEEB}.Release|Any CPU.ActiveCfg = Release|Any CPU
		{B1B9BF8C-6EC7-44CE-B7F9-E82CD460CEEB}.Release|Any CPU.Build.0 = Release|Any CPU
		{5326A1B8-0F12-420B-9143-0FA81CD9BCD0}.Debug|Any CPU.ActiveCfg = Debug|Any CPU
		{5326A1B8-0F12-420B-9143-0FA81CD9BCD0}.Debug|Any CPU.Build.0 = Debug|Any CPU
		{5326A1B8-0F12-420B-9143-0FA81CD9BCD0}.Release|Any CPU.ActiveCfg = Release|Any CPU
		{CBD6E648-DFD7-44DF-B546-59E2D662E84B}.Debug|Any CPU.ActiveCfg = Debug|Any CPU
		{CBD6E648-DFD7-44DF-B546-59E2D662E84B}.Debug|Any CPU.Build.0 = Debug|Any CPU
		{CBD6E648-DFD7-44DF-B546-59E2D662E84B}.Release|Any CPU.ActiveCfg = Release|Any CPU
		{CBD6E648-DFD7-44DF-B546-59E2D662E84B}.Release|Any CPU.Build.0 = Release|Any CPU
	EndGlobalSection
	GlobalSection(NestedProjects) = preSolution
		{5326A1B8-0F12-420B-9143-0FA81CD9BCD0} = {51685194-062E-4561-A7C1-D76CC6FCEAE0}
	EndGlobalSection
	GlobalSection(MonoDevelopProperties) = preSolution
		Policies = $0
		$0.DotNetNamingPolicy = $1
		$1.DirectoryNamespaceAssociation = PrefixedHierarchical
		$1.ResourceNamePolicy = MSBuild
		version = 2.1.0
	EndGlobalSection
EndGlobal
